// !$*UTF8*$!
{
	archiveVersion = 1;
	classes = {
	};
	objectVersion = 77;
	objects = {

/* Begin PBXBuildFile section */
		445D75592EFE74B800561B48 /* Kingfisher in Frameworks */ = {isa = PBXBuildFile; productRef = 445D75582EFE74B800561B48 /* Kingfisher */; };
		4486356F2EFE212700EB9F86 /* Core in Frameworks */ = {isa = PBXBuildFile; productRef = 4486356E2EFE212700EB9F86 /* Core */; };
		448635722EFE214000EB9F86 /* Game in Frameworks */ = {isa = PBXBuildFile; productRef = 448635712EFE214000EB9F86 /* Game */; };
		44E00B592EFFC57500C13FB3 /* Core in Frameworks */ = {isa = PBXBuildFile; productRef = 44E00B582EFFC57500C13FB3 /* Core */; };
/* End PBXBuildFile section */

/* Begin PBXContainerItemProxy section */
		449F0D792EFFD479003F22BB /* PBXContainerItemProxy */ = {
			isa = PBXContainerItemProxy;
			containerPortal = 44E80F592EFE0E8A0080F4DB /* Project object */;
			proxyType = 1;
			remoteGlobalIDString = 44E80F602EFE0E8A0080F4DB;
			remoteInfo = RAWGRX;
		};
/* End PBXContainerItemProxy section */

/* Begin PBXFileReference section */
		449F0D752EFFD479003F22BB /* RAWGRXTests.xctest */ = {isa = PBXFileReference; explicitFileType = wrapper.cfbundle; includeInIndex = 0; path = RAWGRXTests.xctest; sourceTree = BUILT_PRODUCTS_DIR; };
		44E80F612EFE0E8A0080F4DB /* RAWGRX.app */ = {isa = PBXFileReference; explicitFileType = wrapper.application; includeInIndex = 0; path = RAWGRX.app; sourceTree = BUILT_PRODUCTS_DIR; };
/* End PBXFileReference section */

/* Begin PBXFileSystemSynchronizedBuildFileExceptionSet section */
		44E8AA122EFFA6D3007DEA22 /* Exceptions for "RAWGRX" folder in "RAWGRX" target */ = {
			isa = PBXFileSystemSynchronizedBuildFileExceptionSet;
			membershipExceptions = (
				Info.plist,
			);
			target = 44E80F602EFE0E8A0080F4DB /* RAWGRX */;
		};
/* End PBXFileSystemSynchronizedBuildFileExceptionSet section */

/* Begin PBXFileSystemSynchronizedRootGroup section */
		449F0D762EFFD479003F22BB /* RAWGRXTests */ = {
			isa = PBXFileSystemSynchronizedRootGroup;
			path = RAWGRXTests;
			sourceTree = "<group>";
		};
		44E80F632EFE0E8A0080F4DB /* RAWGRX */ = {
			isa = PBXFileSystemSynchronizedRootGroup;
			exceptions = (
				44E8AA122EFFA6D3007DEA22 /* Exceptions for "RAWGRX" folder in "RAWGRX" target */,
			);
			path = RAWGRX;
			sourceTree = "<group>";
		};
/* End PBXFileSystemSynchronizedRootGroup section */

/* Begin PBXFrameworksBuildPhase section */
		449F0D722EFFD479003F22BB /* Frameworks */ = {
			isa = PBXFrameworksBuildPhase;
			buildActionMask = 2147483647;
			files = (
			);
			runOnlyForDeploymentPostprocessing = 0;
		};
		44E80F5E2EFE0E8A0080F4DB /* Frameworks */ = {
			isa = PBXFrameworksBuildPhase;
			buildActionMask = 2147483647;
			files = (
				445D75592EFE74B800561B48 /* Kingfisher in Frameworks */,
				44E00B592EFFC57500C13FB3 /* Core in Frameworks */,
				448635722EFE214000EB9F86 /* Game in Frameworks */,
				4486356F2EFE212700EB9F86 /* Core in Frameworks */,
			);
			runOnlyForDeploymentPostprocessing = 0;
		};
/* End PBXFrameworksBuildPhase section */

/* Begin PBXGroup section */
		44E80F582EFE0E8A0080F4DB = {
			isa = PBXGroup;
			children = (
				44E80F632EFE0E8A0080F4DB /* RAWGRX */,
				449F0D762EFFD479003F22BB /* RAWGRXTests */,
				44E80F622EFE0E8A0080F4DB /* Products */,
			);
			sourceTree = "<group>";
		};
		44E80F622EFE0E8A0080F4DB /* Products */ = {
			isa = PBXGroup;
			children = (
				44E80F612EFE0E8A0080F4DB /* RAWGRX.app */,
				449F0D752EFFD479003F22BB /* RAWGRXTests.xctest */,
			);
			name = Products;
			sourceTree = "<group>";
		};
/* End PBXGroup section */

/* Begin PBXNativeTarget section */
		449F0D742EFFD479003F22BB /* RAWGRXTests */ = {
			isa = PBXNativeTarget;
			buildConfigurationList = 449F0D7B2EFFD479003F22BB /* Build configuration list for PBXNativeTarget "RAWGRXTests" */;
			buildPhases = (
				449F0D712EFFD479003F22BB /* Sources */,
				449F0D722EFFD479003F22BB /* Frameworks */,
				449F0D732EFFD479003F22BB /* Resources */,
			);
			buildRules = (
			);
			dependencies = (
				449F0D7A2EFFD479003F22BB /* PBXTargetDependency */,
			);
			fileSystemSynchronizedGroups = (
				449F0D762EFFD479003F22BB /* RAWGRXTests */,
			);
			name = RAWGRXTests;
			packageProductDependencies = (
			);
			productName = RAWGRXTests;
			productReference = 449F0D752EFFD479003F22BB /* RAWGRXTests.xctest */;
			productType = "com.apple.product-type.bundle.unit-test";
		};
		44E80F602EFE0E8A0080F4DB /* RAWGRX */ = {
			isa = PBXNativeTarget;
			buildConfigurationList = 44E80F6D2EFE0E8B0080F4DB /* Build configuration list for PBXNativeTarget "RAWGRX" */;
			buildPhases = (
				44E80F5D2EFE0E8A0080F4DB /* Sources */,
				44E80F5E2EFE0E8A0080F4DB /* Frameworks */,
				44E80F5F2EFE0E8A0080F4DB /* Resources */,
			);
			buildRules = (
			);
			dependencies = (
			);
			fileSystemSynchronizedGroups = (
				44E80F632EFE0E8A0080F4DB /* RAWGRX */,
			);
			name = RAWGRX;
			packageProductDependencies = (
				4486356E2EFE212700EB9F86 /* Core */,
				448635712EFE214000EB9F86 /* Game */,
				445D75582EFE74B800561B48 /* Kingfisher */,
				44E00B582EFFC57500C13FB3 /* Core */,
			);
			productName = RAWGRX;
			productReference = 44E80F612EFE0E8A0080F4DB /* RAWGRX.app */;
			productType = "com.apple.product-type.application";
		};
/* End PBXNativeTarget section */

/* Begin PBXProject section */
		44E80F592EFE0E8A0080F4DB /* Project object */ = {
			isa = PBXProject;
			attributes = {
				BuildIndependentTargetsInParallel = 1;
				LastSwiftUpdateCheck = 1640;
				LastUpgradeCheck = 1640;
				TargetAttributes = {
					449F0D742EFFD479003F22BB = {
						CreatedOnToolsVersion = 16.4;
						TestTargetID = 44E80F602EFE0E8A0080F4DB;
					};
					44E80F602EFE0E8A0080F4DB = {
						CreatedOnToolsVersion = 16.4;
					};
				};
			};
			buildConfigurationList = 44E80F5C2EFE0E8A0080F4DB /* Build configuration list for PBXProject "RAWGRX" */;
			developmentRegion = en;
			hasScannedForEncodings = 0;
			knownRegions = (
				en,
				Base,
			);
			mainGroup = 44E80F582EFE0E8A0080F4DB;
			minimizedProjectReferenceProxies = 1;
			packageReferences = (
				445D75572EFE74B800561B48 /* XCRemoteSwiftPackageReference "Kingfisher" */,
				44E00B572EFFC57500C13FB3 /* XCRemoteSwiftPackageReference "Core" */,
				44D6F2A92EFFD6B200AF8DA6 /* XCRemoteSwiftPackageReference "Game" */,
			);
			preferredProjectObjectVersion = 77;
			productRefGroup = 44E80F622EFE0E8A0080F4DB /* Products */;
			projectDirPath = "";
			projectRoot = "";
			targets = (
				44E80F602EFE0E8A0080F4DB /* RAWGRX */,
				449F0D742EFFD479003F22BB /* RAWGRXTests */,
			);
		};
/* End PBXProject section */

/* Begin PBXResourcesBuildPhase section */
		449F0D732EFFD479003F22BB /* Resources */ = {
			isa = PBXResourcesBuildPhase;
			buildActionMask = 2147483647;
			files = (
			);
			runOnlyForDeploymentPostprocessing = 0;
		};
		44E80F5F2EFE0E8A0080F4DB /* Resources */ = {
			isa = PBXResourcesBuildPhase;
			buildActionMask = 2147483647;
			files = (
			);
			runOnlyForDeploymentPostprocessing = 0;
		};
/* End PBXResourcesBuildPhase section */

/* Begin PBXSourcesBuildPhase section */
		449F0D712EFFD479003F22BB /* Sources */ = {
			isa = PBXSourcesBuildPhase;
			buildActionMask = 2147483647;
			files = (
			);
			runOnlyForDeploymentPostprocessing = 0;
		};
		44E80F5D2EFE0E8A0080F4DB /* Sources */ = {
			isa = PBXSourcesBuildPhase;
			buildActionMask = 2147483647;
			files = (
			);
			runOnlyForDeploymentPostprocessing = 0;
		};
/* End PBXSourcesBuildPhase section */

/* Begin PBXTargetDependency section */
		449F0D7A2EFFD479003F22BB /* PBXTargetDependency */ = {
			isa = PBXTargetDependency;
			target = 44E80F602EFE0E8A0080F4DB /* RAWGRX */;
			targetProxy = 449F0D792EFFD479003F22BB /* PBXContainerItemProxy */;
		};
/* End PBXTargetDependency section */

/* Begin XCBuildConfiguration section */
		449F0D7C2EFFD479003F22BB /* Debug */ = {
			isa = XCBuildConfiguration;
			buildSettings = {
				BUNDLE_LOADER = "$(TEST_HOST)";
				CODE_SIGN_STYLE = Automatic;
				CURRENT_PROJECT_VERSION = 1;
				DEVELOPMENT_TEAM = Z5GXS6AYDN;
				GENERATE_INFOPLIST_FILE = YES;
				IPHONEOS_DEPLOYMENT_TARGET = 18.5;
				MARKETING_VERSION = 1.0;
				PRODUCT_BUNDLE_IDENTIFIER = insaneworks.space.RAWGRXTests;
				PRODUCT_NAME = "$(TARGET_NAME)";
				SDKROOT = iphoneos;
				SWIFT_EMIT_LOC_STRINGS = NO;
				SWIFT_VERSION = 5.0;
				TARGETED_DEVICE_FAMILY = "1,2";
				TEST_HOST = "$(BUILT_PRODUCTS_DIR)/RAWGRX.app/$(BUNDLE_EXECUTABLE_FOLDER_PATH)/RAWGRX";
			};
			name = Debug;
		};
		449F0D7D2EFFD479003F22BB /* Release */ = {
			isa = XCBuildConfiguration;
			buildSettings = {
				BUNDLE_LOADER = "$(TEST_HOST)";
				CODE_SIGN_STYLE = Automatic;
				CURRENT_PROJECT_VERSION = 1;
				DEVELOPMENT_TEAM = Z5GXS6AYDN;
				GENERATE_INFOPLIST_FILE = YES;
				IPHONEOS_DEPLOYMENT_TARGET = 18.5;
				MARKETING_VERSION = 1.0;
				PRODUCT_BUNDLE_IDENTIFIER = insaneworks.space.RAWGRXTests;
				PRODUCT_NAME = "$(TARGET_NAME)";
				SDKROOT = iphoneos;
				SWIFT_EMIT_LOC_STRINGS = NO;
				SWIFT_VERSION = 5.0;
				TARGETED_DEVICE_FAMILY = "1,2";
				TEST_HOST = "$(BUILT_PRODUCTS_DIR)/RAWGRX.app/$(BUNDLE_EXECUTABLE_FOLDER_PATH)/RAWGRX";
				VALIDATE_PRODUCT = YES;
			};
			name = Release;
		};
		44E80F6B2EFE0E8B0080F4DB /* Debug */ = {
			isa = XCBuildConfiguration;
			buildSettings = {
				ALWAYS_SEARCH_USER_PATHS = NO;
				ASSETCATALOG_COMPILER_GENERATE_SWIFT_ASSET_SYMBOL_EXTENSIONS = YES;
				CLANG_ANALYZER_NONNULL = YES;
				CLANG_ANALYZER_NUMBER_OBJECT_CONVERSION = YES_AGGRESSIVE;
				CLANG_CXX_LANGUAGE_STANDARD = "gnu++20";
				CLANG_ENABLE_MODULES = YES;
				CLANG_ENABLE_OBJC_ARC = YES;
				CLANG_ENABLE_OBJC_WEAK = YES;
				CLANG_WARN_BLOCK_CAPTURE_AUTORELEASING = YES;
				CLANG_WARN_BOOL_CONVERSION = YES;
				CLANG_WARN_COMMA = YES;
				CLANG_WARN_CONSTANT_CONVERSION = YES;
				CLANG_WARN_DEPRECATED_OBJC_IMPLEMENTATIONS = YES;
				CLANG_WARN_DIRECT_OBJC_ISA_USAGE = YES_ERROR;
				CLANG_WARN_DOCUMENTATION_COMMENTS = YES;
				CLANG_WARN_EMPTY_BODY = YES;
				CLANG_WARN_ENUM_CONVERSION = YES;
				CLANG_WARN_INFINITE_RECURSION = YES;
				CLANG_WARN_INT_CONVERSION = YES;
				CLANG_WARN_NON_LITERAL_NULL_CONVERSION = YES;
				CLANG_WARN_OBJC_IMPLICIT_RETAIN_SELF = YES;
				CLANG_WARN_OBJC_LITERAL_CONVERSION = YES;
				CLANG_WARN_OBJC_ROOT_CLASS = YES_ERROR;
				CLANG_WARN_QUOTED_INCLUDE_IN_FRAMEWORK_HEADER = YES;
				CLANG_WARN_RANGE_LOOP_ANALYSIS = YES;
				CLANG_WARN_STRICT_PROTOTYPES = YES;
				CLANG_WARN_SUSPICIOUS_MOVE = YES;
				CLANG_WARN_UNGUARDED_AVAILABILITY = YES_AGGRESSIVE;
				CLANG_WARN_UNREACHABLE_CODE = YES;
				CLANG_WARN__DUPLICATE_METHOD_MATCH = YES;
				COPY_PHASE_STRIP = NO;
				DEBUG_INFORMATION_FORMAT = dwarf;
				DEVELOPMENT_TEAM = Z5GXS6AYDN;
				ENABLE_STRICT_OBJC_MSGSEND = YES;
				ENABLE_TESTABILITY = YES;
				ENABLE_USER_SCRIPT_SANDBOXING = YES;
				GCC_C_LANGUAGE_STANDARD = gnu17;
				GCC_DYNAMIC_NO_PIC = NO;
				GCC_NO_COMMON_BLOCKS = YES;
				GCC_OPTIMIZATION_LEVEL = 0;
				GCC_PREPROCESSOR_DEFINITIONS = (
					"DEBUG=1",
					"$(inherited)",
				);
				GCC_WARN_64_TO_32_BIT_CONVERSION = YES;
				GCC_WARN_ABOUT_RETURN_TYPE = YES_ERROR;
				GCC_WARN_UNDECLARED_SELECTOR = YES;
				GCC_WARN_UNINITIALIZED_AUTOS = YES_AGGRESSIVE;
				GCC_WARN_UNUSED_FUNCTION = YES;
				GCC_WARN_UNUSED_VARIABLE = YES;
				LOCALIZATION_PREFERS_STRING_CATALOGS = YES;
				MTL_ENABLE_DEBUG_INFO = INCLUDE_SOURCE;
				MTL_FAST_MATH = YES;
				ONLY_ACTIVE_ARCH = YES;
				SWIFT_ACTIVE_COMPILATION_CONDITIONS = "DEBUG $(inherited)";
				SWIFT_OPTIMIZATION_LEVEL = "-Onone";
			};
			name = Debug;
		};
		44E80F6C2EFE0E8B0080F4DB /* Release */ = {
			isa = XCBuildConfiguration;
			buildSettings = {
				ALWAYS_SEARCH_USER_PATHS = NO;
				ASSETCATALOG_COMPILER_GENERATE_SWIFT_ASSET_SYMBOL_EXTENSIONS = YES;
				CLANG_ANALYZER_NONNULL = YES;
				CLANG_ANALYZER_NUMBER_OBJECT_CONVERSION = YES_AGGRESSIVE;
				CLANG_CXX_LANGUAGE_STANDARD = "gnu++20";
				CLANG_ENABLE_MODULES = YES;
				CLANG_ENABLE_OBJC_ARC = YES;
				CLANG_ENABLE_OBJC_WEAK = YES;
				CLANG_WARN_BLOCK_CAPTURE_AUTORELEASING = YES;
				CLANG_WARN_BOOL_CONVERSION = YES;
				CLANG_WARN_COMMA = YES;
				CLANG_WARN_CONSTANT_CONVERSION = YES;
				CLANG_WARN_DEPRECATED_OBJC_IMPLEMENTATIONS = YES;
				CLANG_WARN_DIRECT_OBJC_ISA_USAGE = YES_ERROR;
				CLANG_WARN_DOCUMENTATION_COMMENTS = YES;
				CLANG_WARN_EMPTY_BODY = YES;
				CLANG_WARN_ENUM_CONVERSION = YES;
				CLANG_WARN_INFINITE_RECURSION = YES;
				CLANG_WARN_INT_CONVERSION = YES;
				CLANG_WARN_NON_LITERAL_NULL_CONVERSION = YES;
				CLANG_WARN_OBJC_IMPLICIT_RETAIN_SELF = YES;
				CLANG_WARN_OBJC_LITERAL_CONVERSION = YES;
				CLANG_WARN_OBJC_ROOT_CLASS = YES_ERROR;
				CLANG_WARN_QUOTED_INCLUDE_IN_FRAMEWORK_HEADER = YES;
				CLANG_WARN_RANGE_LOOP_ANALYSIS = YES;
				CLANG_WARN_STRICT_PROTOTYPES = YES;
				CLANG_WARN_SUSPICIOUS_MOVE = YES;
				CLANG_WARN_UNGUARDED_AVAILABILITY = YES_AGGRESSIVE;
				CLANG_WARN_UNREACHABLE_CODE = YES;
				CLANG_WARN__DUPLICATE_METHOD_MATCH = YES;
				COPY_PHASE_STRIP = NO;
				DEBUG_INFORMATION_FORMAT = "dwarf-with-dsym";
				DEVELOPMENT_TEAM = Z5GXS6AYDN;
				ENABLE_NS_ASSERTIONS = NO;
				ENABLE_STRICT_OBJC_MSGSEND = YES;
				ENABLE_USER_SCRIPT_SANDBOXING = YES;
				GCC_C_LANGUAGE_STANDARD = gnu17;
				GCC_NO_COMMON_BLOCKS = YES;
				GCC_WARN_64_TO_32_BIT_CONVERSION = YES;
				GCC_WARN_ABOUT_RETURN_TYPE = YES_ERROR;
				GCC_WARN_UNDECLARED_SELECTOR = YES;
				GCC_WARN_UNINITIALIZED_AUTOS = YES_AGGRESSIVE;
				GCC_WARN_UNUSED_FUNCTION = YES;
				GCC_WARN_UNUSED_VARIABLE = YES;
				LOCALIZATION_PREFERS_STRING_CATALOGS = YES;
				MTL_ENABLE_DEBUG_INFO = NO;
				MTL_FAST_MATH = YES;
				SWIFT_COMPILATION_MODE = wholemodule;
			};
			name = Release;
		};
		44E80F6E2EFE0E8B0080F4DB /* Debug */ = {
			isa = XCBuildConfiguration;
			buildSettings = {
				ASSETCATALOG_COMPILER_APPICON_NAME = AppIcon;
				ASSETCATALOG_COMPILER_GLOBAL_ACCENT_COLOR_NAME = AccentColor;
				CODE_SIGN_ENTITLEMENTS = RAWGRX/RAWGRX.entitlements;
				CODE_SIGN_STYLE = Automatic;
				CURRENT_PROJECT_VERSION = 1;
				DEVELOPMENT_TEAM = Z5GXS6AYDN;
				ENABLE_HARDENED_RUNTIME = YES;
				ENABLE_PREVIEWS = YES;
				GENERATE_INFOPLIST_FILE = YES;
				INFOPLIST_FILE = RAWGRX/Info.plist;
				"INFOPLIST_KEY_UIApplicationSceneManifest_Generation[sdk=iphoneos*]" = YES;
				"INFOPLIST_KEY_UIApplicationSceneManifest_Generation[sdk=iphonesimulator*]" = YES;
				"INFOPLIST_KEY_UIApplicationSupportsIndirectInputEvents[sdk=iphoneos*]" = YES;
				"INFOPLIST_KEY_UIApplicationSupportsIndirectInputEvents[sdk=iphonesimulator*]" = YES;
				"INFOPLIST_KEY_UILaunchScreen_Generation[sdk=iphoneos*]" = YES;
				"INFOPLIST_KEY_UILaunchScreen_Generation[sdk=iphonesimulator*]" = YES;
				"INFOPLIST_KEY_UIStatusBarStyle[sdk=iphoneos*]" = UIStatusBarStyleDefault;
				"INFOPLIST_KEY_UIStatusBarStyle[sdk=iphonesimulator*]" = UIStatusBarStyleDefault;
				INFOPLIST_KEY_UISupportedInterfaceOrientations_iPad = "UIInterfaceOrientationPortrait UIInterfaceOrientationPortraitUpsideDown UIInterfaceOrientationLandscapeLeft UIInterfaceOrientationLandscapeRight";
				INFOPLIST_KEY_UISupportedInterfaceOrientations_iPhone = "UIInterfaceOrientationPortrait UIInterfaceOrientationLandscapeLeft UIInterfaceOrientationLandscapeRight";
				IPHONEOS_DEPLOYMENT_TARGET = 18.5;
				LD_RUNPATH_SEARCH_PATHS = "@executable_path/Frameworks";
				"LD_RUNPATH_SEARCH_PATHS[sdk=macosx*]" = "@executable_path/../Frameworks";
				MACOSX_DEPLOYMENT_TARGET = 15.3;
				MARKETING_VERSION = 1.0;
				PRODUCT_BUNDLE_IDENTIFIER = insaneworks.space.RAWGRX;
				PRODUCT_NAME = "$(TARGET_NAME)";
				REGISTER_APP_GROUPS = YES;
				SDKROOT = auto;
				SUPPORTED_PLATFORMS = "iphoneos iphonesimulator macosx xros xrsimulator";
				SWIFT_EMIT_LOC_STRINGS = YES;
				SWIFT_VERSION = 5.0;
				TARGETED_DEVICE_FAMILY = "1,2,7";
				XROS_DEPLOYMENT_TARGET = 2.5;
			};
			name = Debug;
		};
		44E80F6F2EFE0E8B0080F4DB /* Release */ = {
			isa = XCBuildConfiguration;
			buildSettings = {
				ASSETCATALOG_COMPILER_APPICON_NAME = AppIcon;
				ASSETCATALOG_COMPILER_GLOBAL_ACCENT_COLOR_NAME = AccentColor;
				CODE_SIGN_ENTITLEMENTS = RAWGRX/RAWGRX.entitlements;
				CODE_SIGN_STYLE = Automatic;
				CURRENT_PROJECT_VERSION = 1;
				DEVELOPMENT_TEAM = Z5GXS6AYDN;
				ENABLE_HARDENED_RUNTIME = YES;
				ENABLE_PREVIEWS = YES;
				GENERATE_INFOPLIST_FILE = YES;
				INFOPLIST_FILE = RAWGRX/Info.plist;
				"INFOPLIST_KEY_UIApplicationSceneManifest_Generation[sdk=iphoneos*]" = YES;
				"INFOPLIST_KEY_UIApplicationSceneManifest_Generation[sdk=iphonesimulator*]" = YES;
				"INFOPLIST_KEY_UIApplicationSupportsIndirectInputEvents[sdk=iphoneos*]" = YES;
				"INFOPLIST_KEY_UIApplicationSupportsIndirectInputEvents[sdk=iphonesimulator*]" = YES;
				"INFOPLIST_KEY_UILaunchScreen_Generation[sdk=iphoneos*]" = YES;
				"INFOPLIST_KEY_UILaunchScreen_Generation[sdk=iphonesimulator*]" = YES;
				"INFOPLIST_KEY_UIStatusBarStyle[sdk=iphoneos*]" = UIStatusBarStyleDefault;
				"INFOPLIST_KEY_UIStatusBarStyle[sdk=iphonesimulator*]" = UIStatusBarStyleDefault;
				INFOPLIST_KEY_UISupportedInterfaceOrientations_iPad = "UIInterfaceOrientationPortrait UIInterfaceOrientationPortraitUpsideDown UIInterfaceOrientationLandscapeLeft UIInterfaceOrientationLandscapeRight";
				INFOPLIST_KEY_UISupportedInterfaceOrientations_iPhone = "UIInterfaceOrientationPortrait UIInterfaceOrientationLandscapeLeft UIInterfaceOrientationLandscapeRight";
				IPHONEOS_DEPLOYMENT_TARGET = 18.5;
				LD_RUNPATH_SEARCH_PATHS = "@executable_path/Frameworks";
				"LD_RUNPATH_SEARCH_PATHS[sdk=macosx*]" = "@executable_path/../Frameworks";
				MACOSX_DEPLOYMENT_TARGET = 15.3;
				MARKETING_VERSION = 1.0;
				PRODUCT_BUNDLE_IDENTIFIER = insaneworks.space.RAWGRX;
				PRODUCT_NAME = "$(TARGET_NAME)";
				REGISTER_APP_GROUPS = YES;
				SDKROOT = auto;
				SUPPORTED_PLATFORMS = "iphoneos iphonesimulator macosx xros xrsimulator";
				SWIFT_EMIT_LOC_STRINGS = YES;
				SWIFT_VERSION = 5.0;
				TARGETED_DEVICE_FAMILY = "1,2,7";
				XROS_DEPLOYMENT_TARGET = 2.5;
			};
			name = Release;
		};
/* End XCBuildConfiguration section */

/* Begin XCConfigurationList section */
		449F0D7B2EFFD479003F22BB /* Build configuration list for PBXNativeTarget "RAWGRXTests" */ = {
			isa = XCConfigurationList;
			buildConfigurations = (
				449F0D7C2EFFD479003F22BB /* Debug */,
				449F0D7D2EFFD479003F22BB /* Release */,
			);
			defaultConfigurationIsVisible = 0;
			defaultConfigurationName = Release;
		};
		44E80F5C2EFE0E8A0080F4DB /* Build configuration list for PBXProject "RAWGRX" */ = {
			isa = XCConfigurationList;
			buildConfigurations = (
				44E80F6B2EFE0E8B0080F4DB /* Debug */,
				44E80F6C2EFE0E8B0080F4DB /* Release */,
			);
			defaultConfigurationIsVisible = 0;
			defaultConfigurationName = Release;
		};
		44E80F6D2EFE0E8B0080F4DB /* Build configuration list for PBXNativeTarget "RAWGRX" */ = {
			isa = XCConfigurationList;
			buildConfigurations = (
				44E80F6E2EFE0E8B0080F4DB /* Debug */,
				44E80F6F2EFE0E8B0080F4DB /* Release */,
			);
			defaultConfigurationIsVisible = 0;
			defaultConfigurationName = Release;
		};
/* End XCConfigurationList section */

/* Begin XCRemoteSwiftPackageReference section */
		445D75572EFE74B800561B48 /* XCRemoteSwiftPackageReference "Kingfisher" */ = {
			isa = XCRemoteSwiftPackageReference;
			repositoryURL = "https://github.com/onevcat/Kingfisher.git";
			requirement = {
				kind = upToNextMajorVersion;
				minimumVersion = 8.6.2;
			};
		};
		44D6F2A92EFFD6B200AF8DA6 /* XCRemoteSwiftPackageReference "Game" */ = {
			isa = XCRemoteSwiftPackageReference;
			repositoryURL = "https://github.com/instyo/Game.git";
			requirement = {
				branch = main;
				kind = branch;
			};
		};
		44E00B572EFFC57500C13FB3 /* XCRemoteSwiftPackageReference "Core" */ = {
			isa = XCRemoteSwiftPackageReference;
			repositoryURL = "https://github.com/instyo/Core.git";
			requirement = {
				branch = main;
				kind = branch;
			};
		};
/* End XCRemoteSwiftPackageReference section */

/* Begin XCSwiftPackageProductDependency section */
		445D75582EFE74B800561B48 /* Kingfisher */ = {
			isa = XCSwiftPackageProductDependency;
			package = 445D75572EFE74B800561B48 /* XCRemoteSwiftPackageReference "Kingfisher" */;
			productName = Kingfisher;
		};
		4486356E2EFE212700EB9F86 /* Core */ = {
			isa = XCSwiftPackageProductDependency;
			productName = Core;
		};
		448635712EFE214000EB9F86 /* Game */ = {
			isa = XCSwiftPackageProductDependency;
			productName = Game;
		};
		44E00B582EFFC57500C13FB3 /* Core */ = {
			isa = XCSwiftPackageProductDependency;
			package = 44E00B572EFFC57500C13FB3 /* XCRemoteSwiftPackageReference "Core" */;
			productName = Core;
		};
/* End XCSwiftPackageProductDependency section */
	};
	rootObject = 44E80F592EFE0E8A0080F4DB /* Project object */;
}
