{
  "originHash" : "cd007d8e8359db53f105c332a0c5f5a5efb9d9d8dfb5e91461b2dd24f9899f6b",
  "pins" : [
    {
      "identity" : "alamofire",
      "kind" : "remoteSourceControl",
      "location" : "https://github.com/Alamofire/Alamofire.git",
      "state" : {
        "revision" : "7be73f6c2b5cd90e40798b06ebd5da8f9f79cf88",
        "version" : "5.11.0"
      }
    },
    {
      "identity" : "core",
      "kind" : "remoteSourceControl",
      "location" : "https://github.com/instyo/Core.git",
      "state" : {
        "branch" : "main",
        "revision" : "144cb05fcaf445d144368012e638b637e7a77327"
      }
    },
    {
      "identity" : "game",
      "kind" : "remoteSourceControl",
      "location" : "https://github.com/instyo/Game.git",
      "state" : {
        "branch" : "main",
        "revision" : "706b52cbd61b1d02f4e02b7ced2e72a667c1ecd0"
      }
    },
    {
      "identity" : "kingfisher",
      "kind" : "remoteSourceControl",
      "location" : "https://github.com/onevcat/Kingfisher.git",
      "state" : {
        "revision" : "d30a5fad881137e2267f96a8e3fc35c58999bb94",
        "version" : "8.6.2"
      }
    },
    {
      "identity" : "realm-core",
      "kind" : "remoteSourceControl",
      "location" : "https://github.com/realm/realm-core.git",
      "state" : {
        "revision" : "cccb3ca9e26ec452a29f2f0d4050d1e38b8a3d43",
        "version" : "14.14.0"
      }
    },
    {
      "identity" : "realm-swift",
      "kind" : "remoteSourceControl",
      "location" : "https://github.com/realm/realm-swift.git",
      "state" : {
        "branch" : "master",
        "revision" : "c22f9303d446fc3c044e4c151ed19597464b6bd7"
      }
    }
  ],
  "version" : 3
}
